
Microsoft Visual Studio Solution File, Format Version 12.00
# Visual Studio Version 17
VisualStudioVersion = 17.4.33122.133
MinimumVisualStudioVersion = 10.0.40219.1
Project("{888888A0-9F3D-457C-B088-3A5042F75D52}") = "app", "Emotion Classifier\app.pyproj", "{E8245357-B921-428E-A3BA-306061F2DF4F}"
EndProject
Global
	GlobalSection(SolutionConfigurationPlatforms) = preSolution
		Debug|Any CPU = Debug|Any CPU
		Release|Any CPU = Release|Any CPU
	EndGlobalSection
	GlobalSection(ProjectConfigurationPlatforms) = postSolution
		{E8245357-B921-428E-A3BA-306061F2DF4F}.Debug|Any CPU.ActiveCfg = Debug|Any CPU
		{E8245357-B921-428E-A3BA-306061F2DF4F}.Release|Any CPU.ActiveCfg = Release|Any CPU
	EndGlobalSection
	GlobalSection(SolutionProperties) = preSolution
		HideSolutionNode = FALSE
	EndGlobalSection
	GlobalSection(ExtensibilityGlobals) = postSolution
		SolutionGuid = {C101079D-7DDC-457E-8E50-8FE6AEE5D299}
	EndGlobalSection
EndGlobal
